
Microsoft Visual Studio Solution File, Format Version 12.00
# Visual Studio 15
VisualStudioVersion = 15.0.28307.1500
MinimumVisualStudioVersion = 10.0.40219.1
Project("{FAE04EC0-301F-11D3-BF4B-00C04F79EFBC}") = "Uri_1050", "Uri_1050\Uri_1050.csproj", "{BD4407D9-0FC3-44B7-9419-7667CC6C2F56}"
EndProject
Global
	GlobalSection(SolutionConfigurationPlatforms) = preSolution
		Debug|Any CPU = Debug|Any CPU
		Release|Any CPU = Release|Any CPU
	EndGlobalSection
	GlobalSection(ProjectConfigurationPlatforms) = postSolution
		{BD4407D9-0FC3-44B7-9419-7667CC6C2F56}.Debug|Any CPU.ActiveCfg = Debug|Any CPU
		{BD4407D9-0FC3-44B7-9419-7667CC6C2F56}.Debug|Any CPU.Build.0 = Debug|Any CPU
		{BD4407D9-0FC3-44B7-9419-7667CC6C2F56}.Release|Any CPU.ActiveCfg = Release|Any CPU
		{BD4407D9-0FC3-44B7-9419-7667CC6C2F56}.Release|Any CPU.Build.0 = Release|Any CPU
	EndGlobalSection
	GlobalSection(SolutionProperties) = preSolution
		HideSolutionNode = FALSE
	EndGlobalSection
	GlobalSection(ExtensibilityGlobals) = postSolution
		SolutionGuid = {71541B8F-A3F1-46DA-81AD-7047C9496001}
	EndGlobalSection
EndGlobal
